
Microsoft Visual Studio Solution File, Format Version 12.00
# Visual Studio 14
VisualStudioVersion = 14.0.23107.0
MinimumVisualStudioVersion = 10.0.40219.1
Project("{FAE04EC0-301F-11D3-BF4B-00C04F79EFBC}") = "ImplicitNullability.Sample", "Src\ImplicitNullability.Sample\ImplicitNullability.Sample.csproj", "{4AF4FFEC-2FAC-426A-B8B2-06F4D9F52392}"
	ProjectSection(ProjectDependencies) = postProject
		{C98DF2CD-3BB5-4213-9D90-08241ED5B74F} = {C98DF2CD-3BB5-4213-9D90-08241ED5B74F}
	EndProjectSection
EndProject
Project("{FAE04EC0-301F-11D3-BF4B-00C04F79EFBC}") = "ImplicitNullability.Sample.Tests", "Src\ImplicitNullability.Sample.Tests\ImplicitNullability.Sample.Tests.csproj", "{456A6456-5F34-4B64-9751-135686CE3A8F}"
EndProject
Project("{FAE04EC0-301F-11D3-BF4B-00C04F79EFBC}") = "ImplicitNullability.Sample.ExternalCode", "Src\ImplicitNullability.Sample.ExternalCode\ImplicitNullability.Sample.ExternalCode.csproj", "{C98DF2CD-3BB5-4213-9D90-08241ED5B74F}"
EndProject
Project("{FAE04EC0-301F-11D3-BF4B-00C04F79EFBC}") = "ImplicitNullability.Plugin.R91", "Src\ImplicitNullability.Plugin\ImplicitNullability.Plugin.R91.csproj", "{CDB42CAA-C42A-4343-9067-C9B766CAEFA6}"
EndProject
Project("{2150E333-8FDC-42A3-9474-1A3956D46DE8}") = "Src", "Src", "{67859B65-179D-40D0-80DB-003011824913}"
	ProjectSection(SolutionItems) = preProject
		Src\ImplicitNullability.nuspec = Src\ImplicitNullability.nuspec
	EndProjectSection
EndProject
Project("{FAE04EC0-301F-11D3-BF4B-00C04F79EFBC}") = "ImplicitNullability.Plugin.Tests.R91", "Src\ImplicitNullability.Plugin.Tests\ImplicitNullability.Plugin.Tests.R91.csproj", "{86C170AA-FAE5-4ABF-BE26-FBBE392315DC}"
EndProject
Project("{FAE04EC0-301F-11D3-BF4B-00C04F79EFBC}") = "ImplicitNullability.Plugin.R92", "Src\ImplicitNullability.Plugin\ImplicitNullability.Plugin.R92.csproj", "{AF0ADEF1-3538-4176-A559-93429A15B4DD}"
EndProject
Project("{FAE04EC0-301F-11D3-BF4B-00C04F79EFBC}") = "ImplicitNullability.Plugin.Tests.R92", "Src\ImplicitNullability.Plugin.Tests\ImplicitNullability.Plugin.Tests.R92.csproj", "{CCE08E5C-767A-42A4-8915-080331158865}"
EndProject
Project("{FAE04EC0-301F-11D3-BF4B-00C04F79EFBC}") = "SolutionItems", "SolutionItems.csproj", "{6ADCE94D-EF87-42F6-A68B-69DA6FD90DE6}"
EndProject
Project("{FAE04EC0-301F-11D3-BF4B-00C04F79EFBC}") = "ImplicitNullability.Sample.NonImplicit", "Src\ImplicitNullability.Sample.NonImplicit\ImplicitNullability.Sample.NonImplicit.csproj", "{556E74FD-16B0-43BE-98A3-1E0FBC13B75E}"
EndProject
Global
	GlobalSection(SolutionConfigurationPlatforms) = preSolution
		Debug|Any CPU = Debug|Any CPU
		Release|Any CPU = Release|Any CPU
	EndGlobalSection
	GlobalSection(ProjectConfigurationPlatforms) = postSolution
		{4AF4FFEC-2FAC-426A-B8B2-06F4D9F52392}.Debug|Any CPU.ActiveCfg = Debug|Any CPU
		{4AF4FFEC-2FAC-426A-B8B2-06F4D9F52392}.Debug|Any CPU.Build.0 = Debug|Any CPU
		{4AF4FFEC-2FAC-426A-B8B2-06F4D9F52392}.Release|Any CPU.ActiveCfg = Release|Any CPU
		{4AF4FFEC-2FAC-426A-B8B2-06F4D9F52392}.Release|Any CPU.Build.0 = Release|Any CPU
		{456A6456-5F34-4B64-9751-135686CE3A8F}.Debug|Any CPU.ActiveCfg = Debug|Any CPU
		{456A6456-5F34-4B64-9751-135686CE3A8F}.Debug|Any CPU.Build.0 = Debug|Any CPU
		{456A6456-5F34-4B64-9751-135686CE3A8F}.Release|Any CPU.ActiveCfg = Release|Any CPU
		{456A6456-5F34-4B64-9751-135686CE3A8F}.Release|Any CPU.Build.0 = Release|Any CPU
		{C98DF2CD-3BB5-4213-9D90-08241ED5B74F}.Debug|Any CPU.ActiveCfg = Debug|Any CPU
		{C98DF2CD-3BB5-4213-9D90-08241ED5B74F}.Debug|Any CPU.Build.0 = Debug|Any CPU
		{C98DF2CD-3BB5-4213-9D90-08241ED5B74F}.Release|Any CPU.ActiveCfg = Release|Any CPU
		{C98DF2CD-3BB5-4213-9D90-08241ED5B74F}.Release|Any CPU.Build.0 = Release|Any CPU
		{CDB42CAA-C42A-4343-9067-C9B766CAEFA6}.Debug|Any CPU.ActiveCfg = Debug|Any CPU
		{CDB42CAA-C42A-4343-9067-C9B766CAEFA6}.Debug|Any CPU.Build.0 = Debug|Any CPU
		{CDB42CAA-C42A-4343-9067-C9B766CAEFA6}.Release|Any CPU.ActiveCfg = Release|Any CPU
		{CDB42CAA-C42A-4343-9067-C9B766CAEFA6}.Release|Any CPU.Build.0 = Release|Any CPU
		{86C170AA-FAE5-4ABF-BE26-FBBE392315DC}.Debug|Any CPU.ActiveCfg = Debug|Any CPU
		{86C170AA-FAE5-4ABF-BE26-FBBE392315DC}.Debug|Any CPU.Build.0 = Debug|Any CPU
		{86C170AA-FAE5-4ABF-BE26-FBBE392315DC}.Release|Any CPU.ActiveCfg = Release|Any CPU
		{86C170AA-FAE5-4ABF-BE26-FBBE392315DC}.Release|Any CPU.Build.0 = Release|Any CPU
		{AF0ADEF1-3538-4176-A559-93429A15B4DD}.Debug|Any CPU.ActiveCfg = Debug|Any CPU
		{AF0ADEF1-3538-4176-A559-93429A15B4DD}.Debug|Any CPU.Build.0 = Debug|Any CPU
		{AF0ADEF1-3538-4176-A559-93429A15B4DD}.Release|Any CPU.ActiveCfg = Release|Any CPU
		{AF0ADEF1-3538-4176-A559-93429A15B4DD}.Release|Any CPU.Build.0 = Release|Any CPU
		{CCE08E5C-767A-42A4-8915-080331158865}.Debug|Any CPU.ActiveCfg = Debug|Any CPU
		{CCE08E5C-767A-42A4-8915-080331158865}.Debug|Any CPU.Build.0 = Debug|Any CPU
		{CCE08E5C-767A-42A4-8915-080331158865}.Release|Any CPU.ActiveCfg = Release|Any CPU
		{CCE08E5C-767A-42A4-8915-080331158865}.Release|Any CPU.Build.0 = Release|Any CPU
		{6ADCE94D-EF87-42F6-A68B-69DA6FD90DE6}.Debug|Any CPU.ActiveCfg = Debug|Any CPU
		{6ADCE94D-EF87-42F6-A68B-69DA6FD90DE6}.Release|Any CPU.ActiveCfg = Debug|Any CPU
		{556E74FD-16B0-43BE-98A3-1E0FBC13B75E}.Debug|Any CPU.ActiveCfg = Debug|Any CPU
		{556E74FD-16B0-43BE-98A3-1E0FBC13B75E}.Debug|Any CPU.Build.0 = Debug|Any CPU
		{556E74FD-16B0-43BE-98A3-1E0FBC13B75E}.Release|Any CPU.ActiveCfg = Release|Any CPU
		{556E74FD-16B0-43BE-98A3-1E0FBC13B75E}.Release|Any CPU.Build.0 = Release|Any CPU
	EndGlobalSection
	GlobalSection(SolutionProperties) = preSolution
		HideSolutionNode = FALSE
	EndGlobalSection
	GlobalSection(NestedProjects) = preSolution
		{4AF4FFEC-2FAC-426A-B8B2-06F4D9F52392} = {67859B65-179D-40D0-80DB-003011824913}
		{456A6456-5F34-4B64-9751-135686CE3A8F} = {67859B65-179D-40D0-80DB-003011824913}
		{C98DF2CD-3BB5-4213-9D90-08241ED5B74F} = {67859B65-179D-40D0-80DB-003011824913}
		{CDB42CAA-C42A-4343-9067-C9B766CAEFA6} = {67859B65-179D-40D0-80DB-003011824913}
		{86C170AA-FAE5-4ABF-BE26-FBBE392315DC} = {67859B65-179D-40D0-80DB-003011824913}
		{AF0ADEF1-3538-4176-A559-93429A15B4DD} = {67859B65-179D-40D0-80DB-003011824913}
		{CCE08E5C-767A-42A4-8915-080331158865} = {67859B65-179D-40D0-80DB-003011824913}
		{556E74FD-16B0-43BE-98A3-1E0FBC13B75E} = {67859B65-179D-40D0-80DB-003011824913}
	EndGlobalSection
EndGlobal
