
Microsoft Visual Studio Solution File, Format Version 12.00
# Visual Studio 2013
VisualStudioVersion = 12.0.30110.0
MinimumVisualStudioVersion = 10.0.40219.1
Project("{FAE04EC0-301F-11D3-BF4B-00C04F79EFBC}") = "ImplicitNullability.Sample", "Src\ImplicitNullability.Sample\ImplicitNullability.Sample.csproj", "{4AF4FFEC-2FAC-426A-B8B2-06F4D9F52392}"
EndProject
Project("{FAE04EC0-301F-11D3-BF4B-00C04F79EFBC}") = "ImplicitNullability.Sample.Tests", "Src\ImplicitNullability.Sample.Tests\ImplicitNullability.Sample.Tests.csproj", "{456A6456-5F34-4B64-9751-135686CE3A8F}"
EndProject
Global
	GlobalSection(SolutionConfigurationPlatforms) = preSolution
		Debug|Any CPU = Debug|Any CPU
		Release|Any CPU = Release|Any CPU
	EndGlobalSection
	GlobalSection(ProjectConfigurationPlatforms) = postSolution
		{4AF4FFEC-2FAC-426A-B8B2-06F4D9F52392}.Debug|Any CPU.ActiveCfg = Debug|Any CPU
		{4AF4FFEC-2FAC-426A-B8B2-06F4D9F52392}.Debug|Any CPU.Build.0 = Debug|Any CPU
		{4AF4FFEC-2FAC-426A-B8B2-06F4D9F52392}.Release|Any CPU.ActiveCfg = Release|Any CPU
		{4AF4FFEC-2FAC-426A-B8B2-06F4D9F52392}.Release|Any CPU.Build.0 = Release|Any CPU
		{456A6456-5F34-4B64-9751-135686CE3A8F}.Debug|Any CPU.ActiveCfg = Debug|Any CPU
		{456A6456-5F34-4B64-9751-135686CE3A8F}.Debug|Any CPU.Build.0 = Debug|Any CPU
		{456A6456-5F34-4B64-9751-135686CE3A8F}.Release|Any CPU.ActiveCfg = Release|Any CPU
		{456A6456-5F34-4B64-9751-135686CE3A8F}.Release|Any CPU.Build.0 = Release|Any CPU
	EndGlobalSection
	GlobalSection(SolutionProperties) = preSolution
		HideSolutionNode = FALSE
	EndGlobalSection
EndGlobal
