
Microsoft Visual Studio Solution File, Format Version 12.00
# Visual Studio 15
VisualStudioVersion = 15.0.26228.9
MinimumVisualStudioVersion = 10.0.40219.1
Project("{9A19103F-16F7-4668-BE54-9A1E7A4F7556}") = "ImplicitNullability.Samples.CodeWithIN.Internal", "Src\ImplicitNullability.Samples.CodeWithIN\ImplicitNullability.Samples.CodeWithIN.Internal.csproj", "{4AF4FFEC-2FAC-426A-B8B2-06F4D9F52392}"
EndProject
Project("{FAE04EC0-301F-11D3-BF4B-00C04F79EFBC}") = "ImplicitNullability.Samples.Consumer.OfInternalCodeWithIN", "Src\ImplicitNullability.Samples.Consumer\ImplicitNullability.Samples.Consumer.OfInternalCodeWithIN.csproj", "{456A6456-5F34-4B64-9751-135686CE3A8F}"
EndProject
Project("{FAE04EC0-301F-11D3-BF4B-00C04F79EFBC}") = "ImplicitNullability.Samples.Consumer.OfExternalCodeWithIN", "Src\ImplicitNullability.Samples.Consumer\ImplicitNullability.Samples.Consumer.OfExternalCodeWithIN.csproj", "{E84293D7-D774-4BDD-8250-238FB12D51A4}"
EndProject
Project("{FAE04EC0-301F-11D3-BF4B-00C04F79EFBC}") = "ImplicitNullability.Samples.CodeWithIN.Special", "Src\ImplicitNullability.Samples.CodeWithIN.Special\ImplicitNullability.Samples.CodeWithIN.Special.csproj", "{4979B806-EB66-4C3F-8BB0-7AF284AEB0BD}"
EndProject
Global
	GlobalSection(SolutionConfigurationPlatforms) = preSolution
		Debug|Any CPU = Debug|Any CPU
		Release|Any CPU = Release|Any CPU
	EndGlobalSection
	GlobalSection(ProjectConfigurationPlatforms) = postSolution
		{4AF4FFEC-2FAC-426A-B8B2-06F4D9F52392}.Debug|Any CPU.ActiveCfg = Debug|Any CPU
		{4AF4FFEC-2FAC-426A-B8B2-06F4D9F52392}.Debug|Any CPU.Build.0 = Debug|Any CPU
		{4AF4FFEC-2FAC-426A-B8B2-06F4D9F52392}.Release|Any CPU.ActiveCfg = Release|Any CPU
		{4AF4FFEC-2FAC-426A-B8B2-06F4D9F52392}.Release|Any CPU.Build.0 = Release|Any CPU
		{456A6456-5F34-4B64-9751-135686CE3A8F}.Debug|Any CPU.ActiveCfg = Debug|Any CPU
		{456A6456-5F34-4B64-9751-135686CE3A8F}.Debug|Any CPU.Build.0 = Debug|Any CPU
		{456A6456-5F34-4B64-9751-135686CE3A8F}.Release|Any CPU.ActiveCfg = Release|Any CPU
		{456A6456-5F34-4B64-9751-135686CE3A8F}.Release|Any CPU.Build.0 = Release|Any CPU
		{E84293D7-D774-4BDD-8250-238FB12D51A4}.Debug|Any CPU.ActiveCfg = Debug|Any CPU
		{E84293D7-D774-4BDD-8250-238FB12D51A4}.Debug|Any CPU.Build.0 = Debug|Any CPU
		{E84293D7-D774-4BDD-8250-238FB12D51A4}.Release|Any CPU.ActiveCfg = Release|Any CPU
		{E84293D7-D774-4BDD-8250-238FB12D51A4}.Release|Any CPU.Build.0 = Release|Any CPU
		{4979B806-EB66-4C3F-8BB0-7AF284AEB0BD}.Debug|Any CPU.ActiveCfg = Debug|Any CPU
		{4979B806-EB66-4C3F-8BB0-7AF284AEB0BD}.Debug|Any CPU.Build.0 = Debug|Any CPU
		{4979B806-EB66-4C3F-8BB0-7AF284AEB0BD}.Release|Any CPU.ActiveCfg = Release|Any CPU
		{4979B806-EB66-4C3F-8BB0-7AF284AEB0BD}.Release|Any CPU.Build.0 = Release|Any CPU
	EndGlobalSection
	GlobalSection(SolutionProperties) = preSolution
		HideSolutionNode = FALSE
	EndGlobalSection
EndGlobal
