
Microsoft Visual Studio Solution File, Format Version 12.00
# Visual Studio 15
VisualStudioVersion = 15.0.27130.2036
MinimumVisualStudioVersion = 10.0.40219.1
Project("{FAE04EC0-301F-11D3-BF4B-00C04F79EFBC}") = "ImplicitNullability.Samples.CodeWithIN.Internal", "Src\ImplicitNullability.Samples.CodeWithIN\ImplicitNullability.Samples.CodeWithIN.Internal.csproj", "{4AF4FFEC-2FAC-426A-B8B2-06F4D9F52392}"
	ProjectSection(ProjectDependencies) = postProject
		{C98DF2CD-3BB5-4213-9D90-08241ED5B74F} = {C98DF2CD-3BB5-4213-9D90-08241ED5B74F}
	EndProjectSection
EndProject
Project("{FAE04EC0-301F-11D3-BF4B-00C04F79EFBC}") = "ImplicitNullability.Samples.Consumer.OfInternalCodeWithIN", "Src\ImplicitNullability.Samples.Consumer\ImplicitNullability.Samples.Consumer.OfInternalCodeWithIN.csproj", "{456A6456-5F34-4B64-9751-135686CE3A8F}"
EndProject
Project("{9A19103F-16F7-4668-BE54-9A1E7A4F7556}") = "ImplicitNullability.Samples.CodeWithoutIN.External", "Src\ImplicitNullability.Samples.CodeWithoutIN\ImplicitNullability.Samples.CodeWithoutIN.External.csproj", "{C98DF2CD-3BB5-4213-9D90-08241ED5B74F}"
EndProject
Project("{2150E333-8FDC-42A3-9474-1A3956D46DE8}") = "Src", "Src", "{67859B65-179D-40D0-80DB-003011824913}"
EndProject
Project("{9A19103F-16F7-4668-BE54-9A1E7A4F7556}") = "SolutionItems", "SolutionItems.csproj", "{6ADCE94D-EF87-42F6-A68B-69DA6FD90DE6}"
EndProject
Project("{FAE04EC0-301F-11D3-BF4B-00C04F79EFBC}") = "ImplicitNullability.Samples.Consumer.OfExternalCodeWithIN", "Src\ImplicitNullability.Samples.Consumer\ImplicitNullability.Samples.Consumer.OfExternalCodeWithIN.csproj", "{E84293D7-D774-4BDD-8250-238FB12D51A4}"
	ProjectSection(ProjectDependencies) = postProject
		{9001EFB4-358F-4C98-AF13-F374E831A06E} = {9001EFB4-358F-4C98-AF13-F374E831A06E}
	EndProjectSection
EndProject
Project("{FAE04EC0-301F-11D3-BF4B-00C04F79EFBC}") = "ImplicitNullability.Samples.CodeWithIN.External", "Src\ImplicitNullability.Samples.CodeWithIN\ImplicitNullability.Samples.CodeWithIN.External.csproj", "{9001EFB4-358F-4C98-AF13-F374E831A06E}"
	ProjectSection(ProjectDependencies) = postProject
		{C98DF2CD-3BB5-4213-9D90-08241ED5B74F} = {C98DF2CD-3BB5-4213-9D90-08241ED5B74F}
	EndProjectSection
EndProject
Project("{9A19103F-16F7-4668-BE54-9A1E7A4F7556}") = "ImplicitNullability.Plugin.RS20181", "Src\ImplicitNullability.Plugin\ImplicitNullability.Plugin.RS20181.csproj", "{AB1C2F7C-E1AD-40B4-B2C2-8E5CA55B462F}"
EndProject
Project("{9A19103F-16F7-4668-BE54-9A1E7A4F7556}") = "ImplicitNullability.Plugin.Tests.RS20181", "Src\ImplicitNullability.Plugin.Tests\ImplicitNullability.Plugin.Tests.RS20181.csproj", "{B2619CD9-295A-4436-A83A-26E7AE540FB8}"
EndProject
Project("{9A19103F-16F7-4668-BE54-9A1E7A4F7556}") = "ImplicitNullability.Plugin.VsFormatDefinitions.RS20181", "Src\ImplicitNullability.Plugin.VsFormatDefinitions\ImplicitNullability.Plugin.VsFormatDefinitions.RS20181.csproj", "{06B8BCDD-6F91-42C7-A474-C50CD24C397E}"
EndProject
Project("{9A19103F-16F7-4668-BE54-9A1E7A4F7556}") = "ImplicitNullability.Plugin.VsFormatDefinitions.RS20173", "Src\ImplicitNullability.Plugin.VsFormatDefinitions\ImplicitNullability.Plugin.VsFormatDefinitions.RS20173.csproj", "{69D96DC8-E1A0-4412-AD54-BAEC0B43520E}"
EndProject
Project("{9A19103F-16F7-4668-BE54-9A1E7A4F7556}") = "ImplicitNullability.Plugin.RS20173", "Src\ImplicitNullability.Plugin\ImplicitNullability.Plugin.RS20173.csproj", "{2F246B16-414A-4FDF-9DE2-3EC8E51D1B9A}"
EndProject
Project("{9A19103F-16F7-4668-BE54-9A1E7A4F7556}") = "ImplicitNullability.Plugin.Tests.RS20173", "Src\ImplicitNullability.Plugin.Tests\ImplicitNullability.Plugin.Tests.RS20173.csproj", "{1C93B659-62A2-4539-815D-D20BABB47451}"
EndProject
Project("{FAE04EC0-301F-11D3-BF4B-00C04F79EFBC}") = "ImplicitNullability.Samples.CodeWithIN.Special", "Src\ImplicitNullability.Samples.CodeWithIN.Special\ImplicitNullability.Samples.CodeWithIN.Special.csproj", "{4979B806-EB66-4C3F-8BB0-7AF284AEB0BD}"
EndProject
Project("{9A19103F-16F7-4668-BE54-9A1E7A4F7556}") = "ImplicitNullability.Plugin.RD20181", "Src\ImplicitNullability.Plugin\ImplicitNullability.Plugin.RD20181.csproj", "{4ECAB56A-44C9-4A46-B401-FBD782634AA0}"
EndProject
Project("{9A19103F-16F7-4668-BE54-9A1E7A4F7556}") = "ImplicitNullability.Plugin.Tests.RD20181", "Src\ImplicitNullability.Plugin.Tests\ImplicitNullability.Plugin.Tests.RD20181.csproj", "{2E9FE56E-2507-42FC-8146-2F4F9BA4397D}"
EndProject
Global
	GlobalSection(SolutionConfigurationPlatforms) = preSolution
		Debug|Any CPU = Debug|Any CPU
		Release|Any CPU = Release|Any CPU
	EndGlobalSection
	GlobalSection(ProjectConfigurationPlatforms) = postSolution
		{4AF4FFEC-2FAC-426A-B8B2-06F4D9F52392}.Debug|Any CPU.ActiveCfg = Debug|Any CPU
		{4AF4FFEC-2FAC-426A-B8B2-06F4D9F52392}.Debug|Any CPU.Build.0 = Debug|Any CPU
		{4AF4FFEC-2FAC-426A-B8B2-06F4D9F52392}.Release|Any CPU.ActiveCfg = Release|Any CPU
		{4AF4FFEC-2FAC-426A-B8B2-06F4D9F52392}.Release|Any CPU.Build.0 = Release|Any CPU
		{456A6456-5F34-4B64-9751-135686CE3A8F}.Debug|Any CPU.ActiveCfg = Debug|Any CPU
		{456A6456-5F34-4B64-9751-135686CE3A8F}.Debug|Any CPU.Build.0 = Debug|Any CPU
		{456A6456-5F34-4B64-9751-135686CE3A8F}.Release|Any CPU.ActiveCfg = Release|Any CPU
		{456A6456-5F34-4B64-9751-135686CE3A8F}.Release|Any CPU.Build.0 = Release|Any CPU
		{C98DF2CD-3BB5-4213-9D90-08241ED5B74F}.Debug|Any CPU.ActiveCfg = Debug|Any CPU
		{C98DF2CD-3BB5-4213-9D90-08241ED5B74F}.Debug|Any CPU.Build.0 = Debug|Any CPU
		{C98DF2CD-3BB5-4213-9D90-08241ED5B74F}.Release|Any CPU.ActiveCfg = Release|Any CPU
		{C98DF2CD-3BB5-4213-9D90-08241ED5B74F}.Release|Any CPU.Build.0 = Release|Any CPU
		{6ADCE94D-EF87-42F6-A68B-69DA6FD90DE6}.Debug|Any CPU.ActiveCfg = Debug|Any CPU
		{6ADCE94D-EF87-42F6-A68B-69DA6FD90DE6}.Debug|Any CPU.Build.0 = Debug|Any CPU
		{6ADCE94D-EF87-42F6-A68B-69DA6FD90DE6}.Release|Any CPU.ActiveCfg = Release|Any CPU
		{6ADCE94D-EF87-42F6-A68B-69DA6FD90DE6}.Release|Any CPU.Build.0 = Release|Any CPU
		{E84293D7-D774-4BDD-8250-238FB12D51A4}.Debug|Any CPU.ActiveCfg = Debug|Any CPU
		{E84293D7-D774-4BDD-8250-238FB12D51A4}.Debug|Any CPU.Build.0 = Debug|Any CPU
		{E84293D7-D774-4BDD-8250-238FB12D51A4}.Release|Any CPU.ActiveCfg = Release|Any CPU
		{E84293D7-D774-4BDD-8250-238FB12D51A4}.Release|Any CPU.Build.0 = Release|Any CPU
		{9001EFB4-358F-4C98-AF13-F374E831A06E}.Debug|Any CPU.ActiveCfg = Debug|Any CPU
		{9001EFB4-358F-4C98-AF13-F374E831A06E}.Debug|Any CPU.Build.0 = Debug|Any CPU
		{9001EFB4-358F-4C98-AF13-F374E831A06E}.Release|Any CPU.ActiveCfg = Release|Any CPU
		{9001EFB4-358F-4C98-AF13-F374E831A06E}.Release|Any CPU.Build.0 = Release|Any CPU
		{AB1C2F7C-E1AD-40B4-B2C2-8E5CA55B462F}.Debug|Any CPU.ActiveCfg = Debug|Any CPU
		{AB1C2F7C-E1AD-40B4-B2C2-8E5CA55B462F}.Debug|Any CPU.Build.0 = Debug|Any CPU
		{AB1C2F7C-E1AD-40B4-B2C2-8E5CA55B462F}.Release|Any CPU.ActiveCfg = Release|Any CPU
		{AB1C2F7C-E1AD-40B4-B2C2-8E5CA55B462F}.Release|Any CPU.Build.0 = Release|Any CPU
		{B2619CD9-295A-4436-A83A-26E7AE540FB8}.Debug|Any CPU.ActiveCfg = Debug|Any CPU
		{B2619CD9-295A-4436-A83A-26E7AE540FB8}.Debug|Any CPU.Build.0 = Debug|Any CPU
		{B2619CD9-295A-4436-A83A-26E7AE540FB8}.Release|Any CPU.ActiveCfg = Release|Any CPU
		{B2619CD9-295A-4436-A83A-26E7AE540FB8}.Release|Any CPU.Build.0 = Release|Any CPU
		{06B8BCDD-6F91-42C7-A474-C50CD24C397E}.Debug|Any CPU.ActiveCfg = Debug|Any CPU
		{06B8BCDD-6F91-42C7-A474-C50CD24C397E}.Debug|Any CPU.Build.0 = Debug|Any CPU
		{06B8BCDD-6F91-42C7-A474-C50CD24C397E}.Release|Any CPU.ActiveCfg = Release|Any CPU
		{06B8BCDD-6F91-42C7-A474-C50CD24C397E}.Release|Any CPU.Build.0 = Release|Any CPU
		{69D96DC8-E1A0-4412-AD54-BAEC0B43520E}.Debug|Any CPU.ActiveCfg = Debug|Any CPU
		{69D96DC8-E1A0-4412-AD54-BAEC0B43520E}.Debug|Any CPU.Build.0 = Debug|Any CPU
		{69D96DC8-E1A0-4412-AD54-BAEC0B43520E}.Release|Any CPU.ActiveCfg = Release|Any CPU
		{69D96DC8-E1A0-4412-AD54-BAEC0B43520E}.Release|Any CPU.Build.0 = Release|Any CPU
		{2F246B16-414A-4FDF-9DE2-3EC8E51D1B9A}.Debug|Any CPU.ActiveCfg = Debug|Any CPU
		{2F246B16-414A-4FDF-9DE2-3EC8E51D1B9A}.Debug|Any CPU.Build.0 = Debug|Any CPU
		{2F246B16-414A-4FDF-9DE2-3EC8E51D1B9A}.Release|Any CPU.ActiveCfg = Release|Any CPU
		{2F246B16-414A-4FDF-9DE2-3EC8E51D1B9A}.Release|Any CPU.Build.0 = Release|Any CPU
		{1C93B659-62A2-4539-815D-D20BABB47451}.Debug|Any CPU.ActiveCfg = Debug|Any CPU
		{1C93B659-62A2-4539-815D-D20BABB47451}.Debug|Any CPU.Build.0 = Debug|Any CPU
		{1C93B659-62A2-4539-815D-D20BABB47451}.Release|Any CPU.ActiveCfg = Release|Any CPU
		{1C93B659-62A2-4539-815D-D20BABB47451}.Release|Any CPU.Build.0 = Release|Any CPU
		{4979B806-EB66-4C3F-8BB0-7AF284AEB0BD}.Debug|Any CPU.ActiveCfg = Debug|Any CPU
		{4979B806-EB66-4C3F-8BB0-7AF284AEB0BD}.Debug|Any CPU.Build.0 = Debug|Any CPU
		{4979B806-EB66-4C3F-8BB0-7AF284AEB0BD}.Release|Any CPU.ActiveCfg = Release|Any CPU
		{4979B806-EB66-4C3F-8BB0-7AF284AEB0BD}.Release|Any CPU.Build.0 = Release|Any CPU
		{4ECAB56A-44C9-4A46-B401-FBD782634AA0}.Debug|Any CPU.ActiveCfg = Debug|Any CPU
		{4ECAB56A-44C9-4A46-B401-FBD782634AA0}.Debug|Any CPU.Build.0 = Debug|Any CPU
		{4ECAB56A-44C9-4A46-B401-FBD782634AA0}.Release|Any CPU.ActiveCfg = Release|Any CPU
		{4ECAB56A-44C9-4A46-B401-FBD782634AA0}.Release|Any CPU.Build.0 = Release|Any CPU
		{2E9FE56E-2507-42FC-8146-2F4F9BA4397D}.Debug|Any CPU.ActiveCfg = Debug|Any CPU
		{2E9FE56E-2507-42FC-8146-2F4F9BA4397D}.Debug|Any CPU.Build.0 = Debug|Any CPU
		{2E9FE56E-2507-42FC-8146-2F4F9BA4397D}.Release|Any CPU.ActiveCfg = Release|Any CPU
		{2E9FE56E-2507-42FC-8146-2F4F9BA4397D}.Release|Any CPU.Build.0 = Release|Any CPU
	EndGlobalSection
	GlobalSection(SolutionProperties) = preSolution
		HideSolutionNode = FALSE
	EndGlobalSection
	GlobalSection(NestedProjects) = preSolution
		{4AF4FFEC-2FAC-426A-B8B2-06F4D9F52392} = {67859B65-179D-40D0-80DB-003011824913}
		{456A6456-5F34-4B64-9751-135686CE3A8F} = {67859B65-179D-40D0-80DB-003011824913}
		{C98DF2CD-3BB5-4213-9D90-08241ED5B74F} = {67859B65-179D-40D0-80DB-003011824913}
		{E84293D7-D774-4BDD-8250-238FB12D51A4} = {67859B65-179D-40D0-80DB-003011824913}
		{9001EFB4-358F-4C98-AF13-F374E831A06E} = {67859B65-179D-40D0-80DB-003011824913}
		{AB1C2F7C-E1AD-40B4-B2C2-8E5CA55B462F} = {67859B65-179D-40D0-80DB-003011824913}
		{B2619CD9-295A-4436-A83A-26E7AE540FB8} = {67859B65-179D-40D0-80DB-003011824913}
		{06B8BCDD-6F91-42C7-A474-C50CD24C397E} = {67859B65-179D-40D0-80DB-003011824913}
		{69D96DC8-E1A0-4412-AD54-BAEC0B43520E} = {67859B65-179D-40D0-80DB-003011824913}
		{2F246B16-414A-4FDF-9DE2-3EC8E51D1B9A} = {67859B65-179D-40D0-80DB-003011824913}
		{1C93B659-62A2-4539-815D-D20BABB47451} = {67859B65-179D-40D0-80DB-003011824913}
		{4979B806-EB66-4C3F-8BB0-7AF284AEB0BD} = {67859B65-179D-40D0-80DB-003011824913}
		{4ECAB56A-44C9-4A46-B401-FBD782634AA0} = {67859B65-179D-40D0-80DB-003011824913}
		{2E9FE56E-2507-42FC-8146-2F4F9BA4397D} = {67859B65-179D-40D0-80DB-003011824913}
	EndGlobalSection
	GlobalSection(ExtensibilityGlobals) = postSolution
		SolutionGuid = {4FF51D4C-B501-47FC-943D-395AEB7D3978}
	EndGlobalSection
EndGlobal
