
Microsoft Visual Studio Solution File, Format Version 12.00
# Visual Studio 14
VisualStudioVersion = 14.0.25420.1
MinimumVisualStudioVersion = 10.0.40219.1
Project("{FAE04EC0-301F-11D3-BF4B-00C04F79EFBC}") = "ImplicitNullability.Samples.CodeWithIN.Internal", "Src\ImplicitNullability.Samples.CodeWithIN\ImplicitNullability.Samples.CodeWithIN.Internal.csproj", "{4AF4FFEC-2FAC-426A-B8B2-06F4D9F52392}"
	ProjectSection(ProjectDependencies) = postProject
		{C98DF2CD-3BB5-4213-9D90-08241ED5B74F} = {C98DF2CD-3BB5-4213-9D90-08241ED5B74F}
	EndProjectSection
EndProject
Project("{FAE04EC0-301F-11D3-BF4B-00C04F79EFBC}") = "ImplicitNullability.Samples.Consumer.OfInternalCodeWithIN", "Src\ImplicitNullability.Samples.Consumer\ImplicitNullability.Samples.Consumer.OfInternalCodeWithIN.csproj", "{456A6456-5F34-4B64-9751-135686CE3A8F}"
EndProject
Project("{FAE04EC0-301F-11D3-BF4B-00C04F79EFBC}") = "ImplicitNullability.Samples.CodeWithoutIN.External", "Src\ImplicitNullability.Samples.CodeWithoutIN\ImplicitNullability.Samples.CodeWithoutIN.External.csproj", "{C98DF2CD-3BB5-4213-9D90-08241ED5B74F}"
EndProject
Project("{2150E333-8FDC-42A3-9474-1A3956D46DE8}") = "Src", "Src", "{67859B65-179D-40D0-80DB-003011824913}"
	ProjectSection(SolutionItems) = preProject
		Src\ImplicitNullability.nuspec = Src\ImplicitNullability.nuspec
	EndProjectSection
EndProject
Project("{FAE04EC0-301F-11D3-BF4B-00C04F79EFBC}") = "SolutionItems", "SolutionItems.csproj", "{6ADCE94D-EF87-42F6-A68B-69DA6FD90DE6}"
EndProject
Project("{FAE04EC0-301F-11D3-BF4B-00C04F79EFBC}") = "ImplicitNullability.Samples.Consumer.OfExternalCodeWithIN", "Src\ImplicitNullability.Samples.Consumer\ImplicitNullability.Samples.Consumer.OfExternalCodeWithIN.csproj", "{E84293D7-D774-4BDD-8250-238FB12D51A4}"
	ProjectSection(ProjectDependencies) = postProject
		{9001EFB4-358F-4C98-AF13-F374E831A06E} = {9001EFB4-358F-4C98-AF13-F374E831A06E}
	EndProjectSection
EndProject
Project("{FAE04EC0-301F-11D3-BF4B-00C04F79EFBC}") = "ImplicitNullability.Samples.CodeWithIN.External", "Src\ImplicitNullability.Samples.CodeWithIN\ImplicitNullability.Samples.CodeWithIN.External.csproj", "{9001EFB4-358F-4C98-AF13-F374E831A06E}"
	ProjectSection(ProjectDependencies) = postProject
		{C98DF2CD-3BB5-4213-9D90-08241ED5B74F} = {C98DF2CD-3BB5-4213-9D90-08241ED5B74F}
	EndProjectSection
EndProject
Project("{FAE04EC0-301F-11D3-BF4B-00C04F79EFBC}") = "ImplicitNullability.Plugin.R20161", "Src\ImplicitNullability.Plugin\ImplicitNullability.Plugin.R20161.csproj", "{9C75D0E5-F263-4A95-BA62-22C753E30D59}"
EndProject
Project("{FAE04EC0-301F-11D3-BF4B-00C04F79EFBC}") = "ImplicitNullability.Plugin.Tests.R20161", "Src\ImplicitNullability.Plugin.Tests\ImplicitNullability.Plugin.Tests.R20161.csproj", "{CB994F0F-BB93-468B-BC72-CBB1A3FBA6F1}"
EndProject
Project("{FAE04EC0-301F-11D3-BF4B-00C04F79EFBC}") = "ImplicitNullability.Plugin.R20162", "Src\ImplicitNullability.Plugin\ImplicitNullability.Plugin.R20162.csproj", "{AB1C2F7C-E1AD-40B4-B2C2-8E5CA55B462F}"
EndProject
Project("{FAE04EC0-301F-11D3-BF4B-00C04F79EFBC}") = "ImplicitNullability.Plugin.Tests.R20162", "Src\ImplicitNullability.Plugin.Tests\ImplicitNullability.Plugin.Tests.R20162.csproj", "{B2619CD9-295A-4436-A83A-26E7AE540FB8}"
EndProject
Project("{FAE04EC0-301F-11D3-BF4B-00C04F79EFBC}") = "ImplicitNullability.Plugin.R20163", "Src\ImplicitNullability.Plugin\ImplicitNullability.Plugin.R20163.csproj", "{DB452FAF-D3A5-4CE9-AA1B-A738CB79F50D}"
EndProject
Project("{FAE04EC0-301F-11D3-BF4B-00C04F79EFBC}") = "ImplicitNullability.Plugin.Tests.R20163", "Src\ImplicitNullability.Plugin.Tests\ImplicitNullability.Plugin.Tests.R20163.csproj", "{1B815C86-2DD2-4B1F-A50A-3BFB7132D99E}"
EndProject
Project("{FAE04EC0-301F-11D3-BF4B-00C04F79EFBC}") = "ImplicitNullability.Plugin.VsFormatDefinitions", "Src\ImplicitNullability.Plugin.VsFormatDefinitions\ImplicitNullability.Plugin.VsFormatDefinitions.csproj", "{06B8BCDD-6F91-42C7-A474-C50CD24C397E}"
EndProject
Global
	GlobalSection(SolutionConfigurationPlatforms) = preSolution
		Debug|Any CPU = Debug|Any CPU
		Release|Any CPU = Release|Any CPU
	EndGlobalSection
	GlobalSection(ProjectConfigurationPlatforms) = postSolution
		{4AF4FFEC-2FAC-426A-B8B2-06F4D9F52392}.Debug|Any CPU.ActiveCfg = Debug|Any CPU
		{4AF4FFEC-2FAC-426A-B8B2-06F4D9F52392}.Debug|Any CPU.Build.0 = Debug|Any CPU
		{4AF4FFEC-2FAC-426A-B8B2-06F4D9F52392}.Release|Any CPU.ActiveCfg = Release|Any CPU
		{4AF4FFEC-2FAC-426A-B8B2-06F4D9F52392}.Release|Any CPU.Build.0 = Release|Any CPU
		{456A6456-5F34-4B64-9751-135686CE3A8F}.Debug|Any CPU.ActiveCfg = Debug|Any CPU
		{456A6456-5F34-4B64-9751-135686CE3A8F}.Debug|Any CPU.Build.0 = Debug|Any CPU
		{456A6456-5F34-4B64-9751-135686CE3A8F}.Release|Any CPU.ActiveCfg = Release|Any CPU
		{456A6456-5F34-4B64-9751-135686CE3A8F}.Release|Any CPU.Build.0 = Release|Any CPU
		{C98DF2CD-3BB5-4213-9D90-08241ED5B74F}.Debug|Any CPU.ActiveCfg = Debug|Any CPU
		{C98DF2CD-3BB5-4213-9D90-08241ED5B74F}.Debug|Any CPU.Build.0 = Debug|Any CPU
		{C98DF2CD-3BB5-4213-9D90-08241ED5B74F}.Release|Any CPU.ActiveCfg = Release|Any CPU
		{C98DF2CD-3BB5-4213-9D90-08241ED5B74F}.Release|Any CPU.Build.0 = Release|Any CPU
		{6ADCE94D-EF87-42F6-A68B-69DA6FD90DE6}.Debug|Any CPU.ActiveCfg = Debug|Any CPU
		{6ADCE94D-EF87-42F6-A68B-69DA6FD90DE6}.Release|Any CPU.ActiveCfg = Debug|Any CPU
		{E84293D7-D774-4BDD-8250-238FB12D51A4}.Debug|Any CPU.ActiveCfg = Debug|Any CPU
		{E84293D7-D774-4BDD-8250-238FB12D51A4}.Debug|Any CPU.Build.0 = Debug|Any CPU
		{E84293D7-D774-4BDD-8250-238FB12D51A4}.Release|Any CPU.ActiveCfg = Release|Any CPU
		{E84293D7-D774-4BDD-8250-238FB12D51A4}.Release|Any CPU.Build.0 = Release|Any CPU
		{9001EFB4-358F-4C98-AF13-F374E831A06E}.Debug|Any CPU.ActiveCfg = Debug|Any CPU
		{9001EFB4-358F-4C98-AF13-F374E831A06E}.Debug|Any CPU.Build.0 = Debug|Any CPU
		{9001EFB4-358F-4C98-AF13-F374E831A06E}.Release|Any CPU.ActiveCfg = Release|Any CPU
		{9001EFB4-358F-4C98-AF13-F374E831A06E}.Release|Any CPU.Build.0 = Release|Any CPU
		{9C75D0E5-F263-4A95-BA62-22C753E30D59}.Debug|Any CPU.ActiveCfg = Debug|Any CPU
		{9C75D0E5-F263-4A95-BA62-22C753E30D59}.Debug|Any CPU.Build.0 = Debug|Any CPU
		{9C75D0E5-F263-4A95-BA62-22C753E30D59}.Release|Any CPU.ActiveCfg = Release|Any CPU
		{9C75D0E5-F263-4A95-BA62-22C753E30D59}.Release|Any CPU.Build.0 = Release|Any CPU
		{CB994F0F-BB93-468B-BC72-CBB1A3FBA6F1}.Debug|Any CPU.ActiveCfg = Debug|Any CPU
		{CB994F0F-BB93-468B-BC72-CBB1A3FBA6F1}.Debug|Any CPU.Build.0 = Debug|Any CPU
		{CB994F0F-BB93-468B-BC72-CBB1A3FBA6F1}.Release|Any CPU.ActiveCfg = Release|Any CPU
		{CB994F0F-BB93-468B-BC72-CBB1A3FBA6F1}.Release|Any CPU.Build.0 = Release|Any CPU
		{AB1C2F7C-E1AD-40B4-B2C2-8E5CA55B462F}.Debug|Any CPU.ActiveCfg = Debug|Any CPU
		{AB1C2F7C-E1AD-40B4-B2C2-8E5CA55B462F}.Debug|Any CPU.Build.0 = Debug|Any CPU
		{AB1C2F7C-E1AD-40B4-B2C2-8E5CA55B462F}.Release|Any CPU.ActiveCfg = Release|Any CPU
		{AB1C2F7C-E1AD-40B4-B2C2-8E5CA55B462F}.Release|Any CPU.Build.0 = Release|Any CPU
		{B2619CD9-295A-4436-A83A-26E7AE540FB8}.Debug|Any CPU.ActiveCfg = Debug|Any CPU
		{B2619CD9-295A-4436-A83A-26E7AE540FB8}.Debug|Any CPU.Build.0 = Debug|Any CPU
		{B2619CD9-295A-4436-A83A-26E7AE540FB8}.Release|Any CPU.ActiveCfg = Release|Any CPU
		{B2619CD9-295A-4436-A83A-26E7AE540FB8}.Release|Any CPU.Build.0 = Release|Any CPU
		{DB452FAF-D3A5-4CE9-AA1B-A738CB79F50D}.Debug|Any CPU.ActiveCfg = Debug|Any CPU
		{DB452FAF-D3A5-4CE9-AA1B-A738CB79F50D}.Debug|Any CPU.Build.0 = Debug|Any CPU
		{DB452FAF-D3A5-4CE9-AA1B-A738CB79F50D}.Release|Any CPU.ActiveCfg = Release|Any CPU
		{DB452FAF-D3A5-4CE9-AA1B-A738CB79F50D}.Release|Any CPU.Build.0 = Release|Any CPU
		{1B815C86-2DD2-4B1F-A50A-3BFB7132D99E}.Debug|Any CPU.ActiveCfg = Debug|Any CPU
		{1B815C86-2DD2-4B1F-A50A-3BFB7132D99E}.Debug|Any CPU.Build.0 = Debug|Any CPU
		{1B815C86-2DD2-4B1F-A50A-3BFB7132D99E}.Release|Any CPU.ActiveCfg = Release|Any CPU
		{1B815C86-2DD2-4B1F-A50A-3BFB7132D99E}.Release|Any CPU.Build.0 = Release|Any CPU
		{06B8BCDD-6F91-42C7-A474-C50CD24C397E}.Debug|Any CPU.ActiveCfg = Debug|Any CPU
		{06B8BCDD-6F91-42C7-A474-C50CD24C397E}.Debug|Any CPU.Build.0 = Debug|Any CPU
		{06B8BCDD-6F91-42C7-A474-C50CD24C397E}.Release|Any CPU.ActiveCfg = Release|Any CPU
		{06B8BCDD-6F91-42C7-A474-C50CD24C397E}.Release|Any CPU.Build.0 = Release|Any CPU
	EndGlobalSection
	GlobalSection(SolutionProperties) = preSolution
		HideSolutionNode = FALSE
	EndGlobalSection
	GlobalSection(NestedProjects) = preSolution
		{4AF4FFEC-2FAC-426A-B8B2-06F4D9F52392} = {67859B65-179D-40D0-80DB-003011824913}
		{456A6456-5F34-4B64-9751-135686CE3A8F} = {67859B65-179D-40D0-80DB-003011824913}
		{C98DF2CD-3BB5-4213-9D90-08241ED5B74F} = {67859B65-179D-40D0-80DB-003011824913}
		{E84293D7-D774-4BDD-8250-238FB12D51A4} = {67859B65-179D-40D0-80DB-003011824913}
		{9001EFB4-358F-4C98-AF13-F374E831A06E} = {67859B65-179D-40D0-80DB-003011824913}
		{9C75D0E5-F263-4A95-BA62-22C753E30D59} = {67859B65-179D-40D0-80DB-003011824913}
		{CB994F0F-BB93-468B-BC72-CBB1A3FBA6F1} = {67859B65-179D-40D0-80DB-003011824913}
		{AB1C2F7C-E1AD-40B4-B2C2-8E5CA55B462F} = {67859B65-179D-40D0-80DB-003011824913}
		{B2619CD9-295A-4436-A83A-26E7AE540FB8} = {67859B65-179D-40D0-80DB-003011824913}
		{DB452FAF-D3A5-4CE9-AA1B-A738CB79F50D} = {67859B65-179D-40D0-80DB-003011824913}
		{1B815C86-2DD2-4B1F-A50A-3BFB7132D99E} = {67859B65-179D-40D0-80DB-003011824913}
		{06B8BCDD-6F91-42C7-A474-C50CD24C397E} = {67859B65-179D-40D0-80DB-003011824913}
	EndGlobalSection
EndGlobal
